{
  "requires": true,
  "lockfileVersion": 1,
  "dependencies": {
    "cos-js-sdk-v5": {
      "version": "1.1.10",
      "resolved": "https://registry.npmjs.org/cos-js-sdk-v5/-/cos-js-sdk-v5-1.1.10.tgz",
      "integrity": "sha512-Q4MnP7kVkOEhL6gOzn6FVgmDt1nZRxiP94vGPgV+613KkaN6aBF0buybLdmcSeMdhLk0NY53em4yKKw5ApTcZw==",
      "requires": {
        "xmldom": "^0.1.31"
      }
    },
    "tim-js-sdk": {
      "version": "2.9.2",
      "resolved": "https://registry.npmjs.org/tim-js-sdk/-/tim-js-sdk-2.9.2.tgz",
      "integrity": "sha512-K/IM7KuP5Wz2J04hvUGr9GnYv/XwQJE//02+RZXo1dQxsVaFrEL6/L4LWD6Us4oLpiPWUlQLSyh33ifYOqApaQ=="
    },
    "xmldom": {
      "version": "0.1.31",
      "resolved": "https://registry.npmjs.org/xmldom/-/xmldom-0.1.31.tgz",
      "integrity": "sha512-yS2uJflVQs6n+CyjHoaBmVSqIDevTAWrzMmjG1Gc7h1qQ7uVozNhEPJAwZXWyGQ/Gafo3fCwrcaokezLPupVyQ=="
    }
  }
}
